
Microsoft Visual Studio Solution File, Format Version 12.00
# Visual Studio Version 16
VisualStudioVersion = 16.0.29519.181
MinimumVisualStudioVersion = 10.0.40219.1
Project("{FAE04EC0-301F-11D3-BF4B-00C04F79EFBC}") = "GetInputs.Data", "GetInputs.Data\GetInputs.Data.csproj", "{3F588E5B-C7EF-4EDB-8E26-3C3C9FC47AEF}"
EndProject
Project("{FAE04EC0-301F-11D3-BF4B-00C04F79EFBC}") = "GetInputs.UI", "GetInputs.UI\GetInputs.UI.csproj", "{839676DD-BE0B-49B4-9BF6-EB993206E032}"
EndProject
Global
	GlobalSection(SolutionConfigurationPlatforms) = preSolution
		Debug|Any CPU = Debug|Any CPU
		Release|Any CPU = Release|Any CPU
	EndGlobalSection
	GlobalSection(ProjectConfigurationPlatforms) = postSolution
		{3F588E5B-C7EF-4EDB-8E26-3C3C9FC47AEF}.Debug|Any CPU.ActiveCfg = Debug|Any CPU
		{3F588E5B-C7EF-4EDB-8E26-3C3C9FC47AEF}.Debug|Any CPU.Build.0 = Debug|Any CPU
		{3F588E5B-C7EF-4EDB-8E26-3C3C9FC47AEF}.Release|Any CPU.ActiveCfg = Release|Any CPU
		{3F588E5B-C7EF-4EDB-8E26-3C3C9FC47AEF}.Release|Any CPU.Build.0 = Release|Any CPU
		{839676DD-BE0B-49B4-9BF6-EB993206E032}.Debug|Any CPU.ActiveCfg = Debug|Any CPU
		{839676DD-BE0B-49B4-9BF6-EB993206E032}.Debug|Any CPU.Build.0 = Debug|Any CPU
		{839676DD-BE0B-49B4-9BF6-EB993206E032}.Release|Any CPU.ActiveCfg = Release|Any CPU
		{839676DD-BE0B-49B4-9BF6-EB993206E032}.Release|Any CPU.Build.0 = Release|Any CPU
	EndGlobalSection
	GlobalSection(SolutionProperties) = preSolution
		HideSolutionNode = FALSE
	EndGlobalSection
	GlobalSection(ExtensibilityGlobals) = postSolution
		SolutionGuid = {BA353D7D-A3D0-4930-A87D-B3902DC360C6}
	EndGlobalSection
EndGlobal
